[{<<"cowboy">>,
  {git,"https://github.com/ninenines/cowboy.git",
       {ref,"0ffde50991502ed222005376a66791debc4b991c"}},
  0},
 {<<"cowlib">>,
  {git,"https://github.com/ninenines/cowlib.git",
       {ref,"14e597baa42a436469f99661ed7994685e269dc2"}},
  1},
 {<<"ranch">>,{pkg,<<"ranch">>,<<"1.1.0">>},0}].
